// !$*UTF8*$!
{
	archiveVersion = 1;
	classes = {
	};
	objectVersion = 51;
	objects = {

/* Begin PBXBuildFile section */
		54516DEC24181EB700BDC5D1 /* AppDelegate.swift in Sources */ = {isa = PBXBuildFile; fileRef = 54516DEB24181EB700BDC5D1 /* AppDelegate.swift */; };
		54516DEE24181EB700BDC5D1 /* SceneDelegate.swift in Sources */ = {isa = PBXBuildFile; fileRef = 54516DED24181EB700BDC5D1 /* SceneDelegate.swift */; };
		54516DF024181EB700BDC5D1 /* ViewController.swift in Sources */ = {isa = PBXBuildFile; fileRef = 54516DEF24181EB700BDC5D1 /* ViewController.swift */; };
		54516DF324181EB700BDC5D1 /* Main.storyboard in Resources */ = {isa = PBXBuildFile; fileRef = 54516DF124181EB700BDC5D1 /* Main.storyboard */; };
		54516DF524181EBC00BDC5D1 /* Assets.xcassets in Resources */ = {isa = PBXBuildFile; fileRef = 54516DF424181EBC00BDC5D1 /* Assets.xcassets */; };
		54516DF824181EBC00BDC5D1 /* LaunchScreen.storyboard in Resources */ = {isa = PBXBuildFile; fileRef = 54516DF624181EBC00BDC5D1 /* LaunchScreen.storyboard */; };
		54EF8CF3241A255200DB4038 /* PlacesVC.swift in Sources */ = {isa = PBXBuildFile; fileRef = 54EF8CF2241A255200DB4038 /* PlacesVC.swift */; };
		54EF8CF5241B616F00DB4038 /* AddPlaceVC.swift in Sources */ = {isa = PBXBuildFile; fileRef = 54EF8CF4241B616F00DB4038 /* AddPlaceVC.swift */; };
		54EF8CF7241B63B600DB4038 /* MapVC.swift in Sources */ = {isa = PBXBuildFile; fileRef = 54EF8CF6241B63B600DB4038 /* MapVC.swift */; };
		54EF8CF9241B6BD500DB4038 /* DetailsVC.swift in Sources */ = {isa = PBXBuildFile; fileRef = 54EF8CF8241B6BD500DB4038 /* DetailsVC.swift */; };
		54EF8CFB241B6F9500DB4038 /* Singleton.swift in Sources */ = {isa = PBXBuildFile; fileRef = 54EF8CFA241B6F9500DB4038 /* Singleton.swift */; };
		FFE42E878BF6245573536F2A /* Pods_FoursquareParse.framework in Frameworks */ = {isa = PBXBuildFile; fileRef = DF511A6BDA8D066166033F8D /* Pods_FoursquareParse.framework */; };
/* End PBXBuildFile section */

/* Begin PBXFileReference section */
		09ED69EA16AFA8977DABBA1E /* Pods-FoursquareParse.debug.xcconfig */ = {isa = PBXFileReference; includeInIndex = 1; lastKnownFileType = text.xcconfig; name = "Pods-FoursquareParse.debug.xcconfig"; path = "Target Support Files/Pods-FoursquareParse/Pods-FoursquareParse.debug.xcconfig"; sourceTree = "<group>"; };
		54516DE824181EB700BDC5D1 /* FoursquareParse.app */ = {isa = PBXFileReference; explicitFileType = wrapper.application; includeInIndex = 0; path = FoursquareParse.app; sourceTree = BUILT_PRODUCTS_DIR; };
		54516DEB24181EB700BDC5D1 /* AppDelegate.swift */ = {isa = PBXFileReference; lastKnownFileType = sourcecode.swift; path = AppDelegate.swift; sourceTree = "<group>"; };
		54516DED24181EB700BDC5D1 /* SceneDelegate.swift */ = {isa = PBXFileReference; lastKnownFileType = sourcecode.swift; path = SceneDelegate.swift; sourceTree = "<group>"; };
		54516DEF24181EB700BDC5D1 /* ViewController.swift */ = {isa = PBXFileReference; lastKnownFileType = sourcecode.swift; path = ViewController.swift; sourceTree = "<group>"; };
		54516DF224181EB700BDC5D1 /* Base */ = {isa = PBXFileReference; lastKnownFileType = file.storyboard; name = Base; path = Base.lproj/Main.storyboard; sourceTree = "<group>"; };
		54516DF424181EBC00BDC5D1 /* Assets.xcassets */ = {isa = PBXFileReference; lastKnownFileType = folder.assetcatalog; path = Assets.xcassets; sourceTree = "<group>"; };
		54516DF724181EBC00BDC5D1 /* Base */ = {isa = PBXFileReference; lastKnownFileType = file.storyboard; name = Base; path = Base.lproj/LaunchScreen.storyboard; sourceTree = "<group>"; };
		54516DF924181EBC00BDC5D1 /* Info.plist */ = {isa = PBXFileReference; lastKnownFileType = text.plist.xml; path = Info.plist; sourceTree = "<group>"; };
		54EF8CF2241A255200DB4038 /* PlacesVC.swift */ = {isa = PBXFileReference; lastKnownFileType = sourcecode.swift; path = PlacesVC.swift; sourceTree = "<group>"; };
		54EF8CF4241B616F00DB4038 /* AddPlaceVC.swift */ = {isa = PBXFileReference; lastKnownFileType = sourcecode.swift; path = AddPlaceVC.swift; sourceTree = "<group>"; };
		54EF8CF6241B63B600DB4038 /* MapVC.swift */ = {isa = PBXFileReference; lastKnownFileType = sourcecode.swift; path = MapVC.swift; sourceTree = "<group>"; };
		54EF8CF8241B6BD500DB4038 /* DetailsVC.swift */ = {isa = PBXFileReference; lastKnownFileType = sourcecode.swift; path = DetailsVC.swift; sourceTree = "<group>"; };
		54EF8CFA241B6F9500DB4038 /* Singleton.swift */ = {isa = PBXFileReference; lastKnownFileType = sourcecode.swift; path = Singleton.swift; sourceTree = "<group>"; };
		DF511A6BDA8D066166033F8D /* Pods_FoursquareParse.framework */ = {isa = PBXFileReference; explicitFileType = wrapper.framework; includeInIndex = 0; path = Pods_FoursquareParse.framework; sourceTree = BUILT_PRODUCTS_DIR; };
		F41FB265530F5761FF5CBD3A /* Pods-FoursquareParse.release.xcconfig */ = {isa = PBXFileReference; includeInIndex = 1; lastKnownFileType = text.xcconfig; name = "Pods-FoursquareParse.release.xcconfig"; path = "Target Support Files/Pods-FoursquareParse/Pods-FoursquareParse.release.xcconfig"; sourceTree = "<group>"; };
/* End PBXFileReference section */

/* Begin PBXFrameworksBuildPhase section */
		54516DE524181EB700BDC5D1 /* Frameworks */ = {
			isa = PBXFrameworksBuildPhase;
			buildActionMask = 2147483647;
			files = (
				FFE42E878BF6245573536F2A /* Pods_FoursquareParse.framework in Frameworks */,
			);
			runOnlyForDeploymentPostprocessing = 0;
		};
/* End PBXFrameworksBuildPhase section */

/* Begin PBXGroup section */
		54516DDF24181EB700BDC5D1 = {
			isa = PBXGroup;
			children = (
				54516DEA24181EB700BDC5D1 /* FoursquareParse */,
				54516DE924181EB700BDC5D1 /* Products */,
				5AD9E2E23C549879402CCE39 /* Pods */,
				D7898ADE2D2E1B7C34177E11 /* Frameworks */,
			);
			sourceTree = "<group>";
		};
		54516DE924181EB700BDC5D1 /* Products */ = {
			isa = PBXGroup;
			children = (
				54516DE824181EB700BDC5D1 /* FoursquareParse.app */,
			);
			name = Products;
			sourceTree = "<group>";
		};
		54516DEA24181EB700BDC5D1 /* FoursquareParse */ = {
			isa = PBXGroup;
			children = (
				54516DEB24181EB700BDC5D1 /* AppDelegate.swift */,
				54516DED24181EB700BDC5D1 /* SceneDelegate.swift */,
				54516DEF24181EB700BDC5D1 /* ViewController.swift */,
				54EF8CF2241A255200DB4038 /* PlacesVC.swift */,
				54516DF124181EB700BDC5D1 /* Main.storyboard */,
				54EF8CFA241B6F9500DB4038 /* Singleton.swift */,
				54EF8CF8241B6BD500DB4038 /* DetailsVC.swift */,
				54EF8CF6241B63B600DB4038 /* MapVC.swift */,
				54EF8CF4241B616F00DB4038 /* AddPlaceVC.swift */,
				54516DF424181EBC00BDC5D1 /* Assets.xcassets */,
				54516DF624181EBC00BDC5D1 /* LaunchScreen.storyboard */,
				54516DF924181EBC00BDC5D1 /* Info.plist */,
			);
			path = FoursquareParse;
			sourceTree = "<group>";
		};
		5AD9E2E23C549879402CCE39 /* Pods */ = {
			isa = PBXGroup;
			children = (
				09ED69EA16AFA8977DABBA1E /* Pods-FoursquareParse.debug.xcconfig */,
				F41FB265530F5761FF5CBD3A /* Pods-FoursquareParse.release.xcconfig */,
			);
			path = Pods;
			sourceTree = "<group>";
		};
		D7898ADE2D2E1B7C34177E11 /* Frameworks */ = {
			isa = PBXGroup;
			children = (
				DF511A6BDA8D066166033F8D /* Pods_FoursquareParse.framework */,
			);
			name = Frameworks;
			sourceTree = "<group>";
		};
/* End PBXGroup section */

/* Begin PBXNativeTarget section */
		54516DE724181EB700BDC5D1 /* FoursquareParse */ = {
			isa = PBXNativeTarget;
			buildConfigurationList = 54516DFC24181EBC00BDC5D1 /* Build configuration list for PBXNativeTarget "FoursquareParse" */;
			buildPhases = (
				8E69E51363A0C2AF3625CA4D /* [CP] Check Pods Manifest.lock */,
				54516DE424181EB700BDC5D1 /* Sources */,
				54516DE524181EB700BDC5D1 /* Frameworks */,
				54516DE624181EB700BDC5D1 /* Resources */,
				EEB5C878D179AFA19E72187C /* [CP] Embed Pods Frameworks */,
			);
			buildRules = (
			);
			dependencies = (
			);
			name = FoursquareParse;
			productName = FoursquareParse;
			productReference = 54516DE824181EB700BDC5D1 /* FoursquareParse.app */;
			productType = "com.apple.product-type.application";
		};
/* End PBXNativeTarget section */

/* Begin PBXProject section */
		54516DE024181EB700BDC5D1 /* Project object */ = {
			isa = PBXProject;
			attributes = {
				LastSwiftUpdateCheck = 1130;
				LastUpgradeCheck = 1130;
				ORGANIZATIONNAME = "Rusen Topcu";
				TargetAttributes = {
					54516DE724181EB700BDC5D1 = {
						CreatedOnToolsVersion = 11.3.1;
					};
				};
			};
			buildConfigurationList = 54516DE324181EB700BDC5D1 /* Build configuration list for PBXProject "FoursquareParse" */;
			compatibilityVersion = "Xcode 9.3";
			developmentRegion = en;
			hasScannedForEncodings = 0;
			knownRegions = (
				en,
				Base,
			);
			mainGroup = 54516DDF24181EB700BDC5D1;
			productRefGroup = 54516DE924181EB700BDC5D1 /* Products */;
			projectDirPath = "";
			projectRoot = "";
			targets = (
				54516DE724181EB700BDC5D1 /* FoursquareParse */,
			);
		};
/* End PBXProject section */

/* Begin PBXResourcesBuildPhase section */
		54516DE624181EB700BDC5D1 /* Resources */ = {
			isa = PBXResourcesBuildPhase;
			buildActionMask = 2147483647;
			files = (
				54516DF824181EBC00BDC5D1 /* LaunchScreen.storyboard in Resources */,
				54516DF524181EBC00BDC5D1 /* Assets.xcassets in Resources */,
				54516DF324181EB700BDC5D1 /* Main.storyboard in Resources */,
			);
			runOnlyForDeploymentPostprocessing = 0;
		};
/* End PBXResourcesBuildPhase section */

/* Begin PBXShellScriptBuildPhase section */
		8E69E51363A0C2AF3625CA4D /* [CP] Check Pods Manifest.lock */ = {
			isa = PBXShellScriptBuildPhase;
			buildActionMask = 2147483647;
			files = (
			);
			inputFileListPaths = (
			);
			inputPaths = (
				"${PODS_PODFILE_DIR_PATH}/Podfile.lock",
				"${PODS_ROOT}/Manifest.lock",
			);
			name = "[CP] Check Pods Manifest.lock";
			outputFileListPaths = (
			);
			outputPaths = (
				"$(DERIVED_FILE_DIR)/Pods-FoursquareParse-checkManifestLockResult.txt",
			);
			runOnlyForDeploymentPostprocessing = 0;
			shellPath = /bin/sh;
			shellScript = "diff \"${PODS_PODFILE_DIR_PATH}/Podfile.lock\" \"${PODS_ROOT}/Manifest.lock\" > /dev/null\nif [ $? != 0 ] ; then\n    # print error to STDERR\n    echo \"error: The sandbox is not in sync with the Podfile.lock. Run 'pod install' or update your CocoaPods installation.\" >&2\n    exit 1\nfi\n# This output is used by Xcode 'outputs' to avoid re-running this script phase.\necho \"SUCCESS\" > \"${SCRIPT_OUTPUT_FILE_0}\"\n";
			showEnvVarsInLog = 0;
		};
		EEB5C878D179AFA19E72187C /* [CP] Embed Pods Frameworks */ = {
			isa = PBXShellScriptBuildPhase;
			buildActionMask = 2147483647;
			files = (
			);
			inputFileListPaths = (
				"${PODS_ROOT}/Target Support Files/Pods-FoursquareParse/Pods-FoursquareParse-frameworks-${CONFIGURATION}-input-files.xcfilelist",
			);
			name = "[CP] Embed Pods Frameworks";
			outputFileListPaths = (
				"${PODS_ROOT}/Target Support Files/Pods-FoursquareParse/Pods-FoursquareParse-frameworks-${CONFIGURATION}-output-files.xcfilelist",
			);
			runOnlyForDeploymentPostprocessing = 0;
			shellPath = /bin/sh;
			shellScript = "\"${PODS_ROOT}/Target Support Files/Pods-FoursquareParse/Pods-FoursquareParse-frameworks.sh\"\n";
			showEnvVarsInLog = 0;
		};
/* End PBXShellScriptBuildPhase section */

/* Begin PBXSourcesBuildPhase section */
		54516DE424181EB700BDC5D1 /* Sources */ = {
			isa = PBXSourcesBuildPhase;
			buildActionMask = 2147483647;
			files = (
				54516DF024181EB700BDC5D1 /* ViewController.swift in Sources */,
				54EF8CF7241B63B600DB4038 /* MapVC.swift in Sources */,
				54516DEC24181EB700BDC5D1 /* AppDelegate.swift in Sources */,
				54EF8CF3241A255200DB4038 /* PlacesVC.swift in Sources */,
				54EF8CF9241B6BD500DB4038 /* DetailsVC.swift in Sources */,
				54EF8CFB241B6F9500DB4038 /* Singleton.swift in Sources */,
				54EF8CF5241B616F00DB4038 /* AddPlaceVC.swift in Sources */,
				54516DEE24181EB700BDC5D1 /* SceneDelegate.swift in Sources */,
			);
			runOnlyForDeploymentPostprocessing = 0;
		};
/* End PBXSourcesBuildPhase section */

/* Begin PBXVariantGroup section */
		54516DF124181EB700BDC5D1 /* Main.storyboard */ = {
			isa = PBXVariantGroup;
			children = (
				54516DF224181EB700BDC5D1 /* Base */,
			);
			name = Main.storyboard;
			sourceTree = "<group>";
		};
		54516DF624181EBC00BDC5D1 /* LaunchScreen.storyboard */ = {
			isa = PBXVariantGroup;
			children = (
				54516DF724181EBC00BDC5D1 /* Base */,
			);
			name = LaunchScreen.storyboard;
			sourceTree = "<group>";
		};
/* End PBXVariantGroup section */

/* Begin XCBuildConfiguration section */
		54516DFA24181EBC00BDC5D1 /* Debug */ = {
			isa = XCBuildConfiguration;
			buildSettings = {
				ALWAYS_SEARCH_USER_PATHS = NO;
				CLANG_ANALYZER_NONNULL = YES;
				CLANG_ANALYZER_NUMBER_OBJECT_CONVERSION = YES_AGGRESSIVE;
				CLANG_CXX_LANGUAGE_STANDARD = "gnu++14";
				CLANG_CXX_LIBRARY = "libc++";
				CLANG_ENABLE_MODULES = YES;
				CLANG_ENABLE_OBJC_ARC = YES;
				CLANG_ENABLE_OBJC_WEAK = YES;
				CLANG_WARN_BLOCK_CAPTURE_AUTORELEASING = YES;
				CLANG_WARN_BOOL_CONVERSION = YES;
				CLANG_WARN_COMMA = YES;
				CLANG_WARN_CONSTANT_CONVERSION = YES;
				CLANG_WARN_DEPRECATED_OBJC_IMPLEMENTATIONS = YES;
				CLANG_WARN_DIRECT_OBJC_ISA_USAGE = YES_ERROR;
				CLANG_WARN_DOCUMENTATION_COMMENTS = YES;
				CLANG_WARN_EMPTY_BODY = YES;
				CLANG_WARN_ENUM_CONVERSION = YES;
				CLANG_WARN_INFINITE_RECURSION = YES;
				CLANG_WARN_INT_CONVERSION = YES;
				CLANG_WARN_NON_LITERAL_NULL_CONVERSION = YES;
				CLANG_WARN_OBJC_IMPLICIT_RETAIN_SELF = YES;
				CLANG_WARN_OBJC_LITERAL_CONVERSION = YES;
				CLANG_WARN_OBJC_ROOT_CLASS = YES_ERROR;
				CLANG_WARN_RANGE_LOOP_ANALYSIS = YES;
				CLANG_WARN_STRICT_PROTOTYPES = YES;
				CLANG_WARN_SUSPICIOUS_MOVE = YES;
				CLANG_WARN_UNGUARDED_AVAILABILITY = YES_AGGRESSIVE;
				CLANG_WARN_UNREACHABLE_CODE = YES;
				CLANG_WARN__DUPLICATE_METHOD_MATCH = YES;
				COPY_PHASE_STRIP = NO;
				DEBUG_INFORMATION_FORMAT = dwarf;
				ENABLE_STRICT_OBJC_MSGSEND = YES;
				ENABLE_TESTABILITY = YES;
				GCC_C_LANGUAGE_STANDARD = gnu11;
				GCC_DYNAMIC_NO_PIC = NO;
				GCC_NO_COMMON_BLOCKS = YES;
				GCC_OPTIMIZATION_LEVEL = 0;
				GCC_PREPROCESSOR_DEFINITIONS = (
					"DEBUG=1",
					"$(inherited)",
				);
				GCC_WARN_64_TO_32_BIT_CONVERSION = YES;
				GCC_WARN_ABOUT_RETURN_TYPE = YES_ERROR;
				GCC_WARN_UNDECLARED_SELECTOR = YES;
				GCC_WARN_UNINITIALIZED_AUTOS = YES_AGGRESSIVE;
				GCC_WARN_UNUSED_FUNCTION = YES;
				GCC_WARN_UNUSED_VARIABLE = YES;
				IPHONEOS_DEPLOYMENT_TARGET = 13.2;
				MTL_ENABLE_DEBUG_INFO = INCLUDE_SOURCE;
				MTL_FAST_MATH = YES;
				ONLY_ACTIVE_ARCH = YES;
				SDKROOT = iphoneos;
				SWIFT_ACTIVE_COMPILATION_CONDITIONS = DEBUG;
				SWIFT_OPTIMIZATION_LEVEL = "-Onone";
			};
			name = Debug;
		};
		54516DFB24181EBC00BDC5D1 /* Release */ = {
			isa = XCBuildConfiguration;
			buildSettings = {
				ALWAYS_SEARCH_USER_PATHS = NO;
				CLANG_ANALYZER_NONNULL = YES;
				CLANG_ANALYZER_NUMBER_OBJECT_CONVERSION = YES_AGGRESSIVE;
				CLANG_CXX_LANGUAGE_STANDARD = "gnu++14";
				CLANG_CXX_LIBRARY = "libc++";
				CLANG_ENABLE_MODULES = YES;
				CLANG_ENABLE_OBJC_ARC = YES;
				CLANG_ENABLE_OBJC_WEAK = YES;
				CLANG_WARN_BLOCK_CAPTURE_AUTORELEASING = YES;
				CLANG_WARN_BOOL_CONVERSION = YES;
				CLANG_WARN_COMMA = YES;
				CLANG_WARN_CONSTANT_CONVERSION = YES;
				CLANG_WARN_DEPRECATED_OBJC_IMPLEMENTATIONS = YES;
				CLANG_WARN_DIRECT_OBJC_ISA_USAGE = YES_ERROR;
				CLANG_WARN_DOCUMENTATION_COMMENTS = YES;
				CLANG_WARN_EMPTY_BODY = YES;
				CLANG_WARN_ENUM_CONVERSION = YES;
				CLANG_WARN_INFINITE_RECURSION = YES;
				CLANG_WARN_INT_CONVERSION = YES;
				CLANG_WARN_NON_LITERAL_NULL_CONVERSION = YES;
				CLANG_WARN_OBJC_IMPLICIT_RETAIN_SELF = YES;
				CLANG_WARN_OBJC_LITERAL_CONVERSION = YES;
				CLANG_WARN_OBJC_ROOT_CLASS = YES_ERROR;
				CLANG_WARN_RANGE_LOOP_ANALYSIS = YES;
				CLANG_WARN_STRICT_PROTOTYPES = YES;
				CLANG_WARN_SUSPICIOUS_MOVE = YES;
				CLANG_WARN_UNGUARDED_AVAILABILITY = YES_AGGRESSIVE;
				CLANG_WARN_UNREACHABLE_CODE = YES;
				CLANG_WARN__DUPLICATE_METHOD_MATCH = YES;
				COPY_PHASE_STRIP = NO;
				DEBUG_INFORMATION_FORMAT = "dwarf-with-dsym";
				ENABLE_NS_ASSERTIONS = NO;
				ENABLE_STRICT_OBJC_MSGSEND = YES;
				GCC_C_LANGUAGE_STANDARD = gnu11;
				GCC_NO_COMMON_BLOCKS = YES;
				GCC_WARN_64_TO_32_BIT_CONVERSION = YES;
				GCC_WARN_ABOUT_RETURN_TYPE = YES_ERROR;
				GCC_WARN_UNDECLARED_SELECTOR = YES;
				GCC_WARN_UNINITIALIZED_AUTOS = YES_AGGRESSIVE;
				GCC_WARN_UNUSED_FUNCTION = YES;
				GCC_WARN_UNUSED_VARIABLE = YES;
				IPHONEOS_DEPLOYMENT_TARGET = 13.2;
				MTL_ENABLE_DEBUG_INFO = NO;
				MTL_FAST_MATH = YES;
				SDKROOT = iphoneos;
				SWIFT_COMPILATION_MODE = wholemodule;
				SWIFT_OPTIMIZATION_LEVEL = "-O";
				VALIDATE_PRODUCT = YES;
			};
			name = Release;
		};
		54516DFD24181EBC00BDC5D1 /* Debug */ = {
			isa = XCBuildConfiguration;
			baseConfigurationReference = 09ED69EA16AFA8977DABBA1E /* Pods-FoursquareParse.debug.xcconfig */;
			buildSettings = {
				ASSETCATALOG_COMPILER_APPICON_NAME = AppIcon;
				CODE_SIGN_STYLE = Automatic;
				DEVELOPMENT_TEAM = 48Z3M32AFX;
				INFOPLIST_FILE = FoursquareParse/Info.plist;
				LD_RUNPATH_SEARCH_PATHS = (
					"$(inherited)",
					"@executable_path/Frameworks",
				);
				PRODUCT_BUNDLE_IDENTIFIER = com.FoursquareParse;
				PRODUCT_NAME = "$(TARGET_NAME)";
				SWIFT_VERSION = 5.0;
				TARGETED_DEVICE_FAMILY = "1,2";
			};
			name = Debug;
		};
		54516DFE24181EBC00BDC5D1 /* Release */ = {
			isa = XCBuildConfiguration;
			baseConfigurationReference = F41FB265530F5761FF5CBD3A /* Pods-FoursquareParse.release.xcconfig */;
			buildSettings = {
				ASSETCATALOG_COMPILER_APPICON_NAME = AppIcon;
				CODE_SIGN_STYLE = Automatic;
				DEVELOPMENT_TEAM = 48Z3M32AFX;
				INFOPLIST_FILE = FoursquareParse/Info.plist;
				LD_RUNPATH_SEARCH_PATHS = (
					"$(inherited)",
					"@executable_path/Frameworks",
				);
				PRODUCT_BUNDLE_IDENTIFIER = com.FoursquareParse;
				PRODUCT_NAME = "$(TARGET_NAME)";
				SWIFT_VERSION = 5.0;
				TARGETED_DEVICE_FAMILY = "1,2";
			};
			name = Release;
		};
/* End XCBuildConfiguration section */

/* Begin XCConfigurationList section */
		54516DE324181EB700BDC5D1 /* Build configuration list for PBXProject "FoursquareParse" */ = {
			isa = XCConfigurationList;
			buildConfigurations = (
				54516DFA24181EBC00BDC5D1 /* Debug */,
				54516DFB24181EBC00BDC5D1 /* Release */,
			);
			defaultConfigurationIsVisible = 0;
			defaultConfigurationName = Release;
		};
		54516DFC24181EBC00BDC5D1 /* Build configuration list for PBXNativeTarget "FoursquareParse" */ = {
			isa = XCConfigurationList;
			buildConfigurations = (
				54516DFD24181EBC00BDC5D1 /* Debug */,
				54516DFE24181EBC00BDC5D1 /* Release */,
			);
			defaultConfigurationIsVisible = 0;
			defaultConfigurationName = Release;
		};
/* End XCConfigurationList section */
	};
	rootObject = 54516DE024181EB700BDC5D1 /* Project object */;
}
